// !$*UTF8*$!
{
	archiveVersion = 1;
	classes = {
	};
	objectVersion = 70;
	objects = {

/* Begin PBXBuildFile section */
		30515F5E2CA6B58F00C8E5E5 /* UIViewController+Ext.swift in Sources */ = {isa = PBXBuildFile; fileRef = 30515F5D2CA6B58F00C8E5E5 /* UIViewController+Ext.swift */; };
		30804BEF2C90BF2400FA7398 /* AppDelegate.swift in Sources */ = {isa = PBXBuildFile; fileRef = 30804BEE2C90BF2400FA7398 /* AppDelegate.swift */; };
		30804BF12C90BF2400FA7398 /* SceneDelegate.swift in Sources */ = {isa = PBXBuildFile; fileRef = 30804BF02C90BF2400FA7398 /* SceneDelegate.swift */; };
		30804BF62C90BF2400FA7398 /* Base in Resources */ = {isa = PBXBuildFile; fileRef = 30804BF52C90BF2400FA7398 /* Base */; };
		30804BF82C90BF2600FA7398 /* Assets.xcassets in Resources */ = {isa = PBXBuildFile; fileRef = 30804BF72C90BF2600FA7398 /* Assets.xcassets */; };
		30804BFB2C90BF2600FA7398 /* Base in Resources */ = {isa = PBXBuildFile; fileRef = 30804BFA2C90BF2600FA7398 /* Base */; };
		30ABBD142C923F5100F9349C /* GHButton.swift in Sources */ = {isa = PBXBuildFile; fileRef = 30ABBD132C923F5100F9349C /* GHButton.swift */; };
		30ABBD162C924E2C00F9349C /* GHTextField.swift in Sources */ = {isa = PBXBuildFile; fileRef = 30ABBD152C924E2C00F9349C /* GHTextField.swift */; };
		30F2B3792CA1AEA900FA05E7 /* GHTitleLabel.swift in Sources */ = {isa = PBXBuildFile; fileRef = 30F2B3782CA1AEA900FA05E7 /* GHTitleLabel.swift */; };
		30F3A7B82CA2FFC100547DC2 /* GHBodyLabel.swift in Sources */ = {isa = PBXBuildFile; fileRef = 30F3A7B72CA2FFC100547DC2 /* GHBodyLabel.swift */; };
		30F3A7BA2CA300A300547DC2 /* GHAlertVC.swift in Sources */ = {isa = PBXBuildFile; fileRef = 30F3A7B92CA300A300547DC2 /* GHAlertVC.swift */; };
/* End PBXBuildFile section */

/* Begin PBXFileReference section */
		30515F5D2CA6B58F00C8E5E5 /* UIViewController+Ext.swift */ = {isa = PBXFileReference; lastKnownFileType = sourcecode.swift; path = "UIViewController+Ext.swift"; sourceTree = "<group>"; };
		30804BEB2C90BF2400FA7398 /* GitHubFollowers.app */ = {isa = PBXFileReference; explicitFileType = wrapper.application; includeInIndex = 0; path = GitHubFollowers.app; sourceTree = BUILT_PRODUCTS_DIR; };
		30804BEE2C90BF2400FA7398 /* AppDelegate.swift */ = {isa = PBXFileReference; lastKnownFileType = sourcecode.swift; path = AppDelegate.swift; sourceTree = "<group>"; };
		30804BF02C90BF2400FA7398 /* SceneDelegate.swift */ = {isa = PBXFileReference; lastKnownFileType = sourcecode.swift; path = SceneDelegate.swift; sourceTree = "<group>"; };
		30804BF52C90BF2400FA7398 /* Base */ = {isa = PBXFileReference; lastKnownFileType = file.storyboard; name = Base; path = Base.lproj/Main.storyboard; sourceTree = "<group>"; };
		30804BF72C90BF2600FA7398 /* Assets.xcassets */ = {isa = PBXFileReference; lastKnownFileType = folder.assetcatalog; path = Assets.xcassets; sourceTree = "<group>"; };
		30804BFA2C90BF2600FA7398 /* Base */ = {isa = PBXFileReference; lastKnownFileType = file.storyboard; name = Base; path = Base.lproj/LaunchScreen.storyboard; sourceTree = "<group>"; };
		30804BFC2C90BF2600FA7398 /* Info.plist */ = {isa = PBXFileReference; lastKnownFileType = text.plist.xml; path = Info.plist; sourceTree = "<group>"; };
		30ABBD132C923F5100F9349C /* GHButton.swift */ = {isa = PBXFileReference; lastKnownFileType = sourcecode.swift; path = GHButton.swift; sourceTree = "<group>"; };
		30ABBD152C924E2C00F9349C /* GHTextField.swift */ = {isa = PBXFileReference; lastKnownFileType = sourcecode.swift; path = GHTextField.swift; sourceTree = "<group>"; };
		30F2B3782CA1AEA900FA05E7 /* GHTitleLabel.swift */ = {isa = PBXFileReference; lastKnownFileType = sourcecode.swift; path = GHTitleLabel.swift; sourceTree = "<group>"; };
		30F3A7B72CA2FFC100547DC2 /* GHBodyLabel.swift */ = {isa = PBXFileReference; lastKnownFileType = sourcecode.swift; path = GHBodyLabel.swift; sourceTree = "<group>"; };
		30F3A7B92CA300A300547DC2 /* GHAlertVC.swift */ = {isa = PBXFileReference; lastKnownFileType = sourcecode.swift; path = GHAlertVC.swift; sourceTree = "<group>"; };
/* End PBXFileReference section */

/* Begin PBXFileSystemSynchronizedRootGroup section */
		30201CCF2CA7F29D0064F8BC /* Screens */ = {isa = PBXFileSystemSynchronizedRootGroup; explicitFileTypes = {}; explicitFolders = (); path = Screens; sourceTree = "<group>"; };
/* End PBXFileSystemSynchronizedRootGroup section */

/* Begin PBXFrameworksBuildPhase section */
		30804BE82C90BF2400FA7398 /* Frameworks */ = {
			isa = PBXFrameworksBuildPhase;
			buildActionMask = 2147483647;
			files = (
			);
			runOnlyForDeploymentPostprocessing = 0;
		};
/* End PBXFrameworksBuildPhase section */

/* Begin PBXGroup section */
		30201CD02CA7F30E0064F8BC /* Custom  Views */ = {
			isa = PBXGroup;
			children = (
				30ABBD132C923F5100F9349C /* GHButton.swift */,
				30ABBD152C924E2C00F9349C /* GHTextField.swift */,
				30F2B3782CA1AEA900FA05E7 /* GHTitleLabel.swift */,
				30F3A7B72CA2FFC100547DC2 /* GHBodyLabel.swift */,
				30F3A7B92CA300A300547DC2 /* GHAlertVC.swift */,
			);
			path = "Custom  Views";
			sourceTree = "<group>";
		};
		30201CD12CA7F3820064F8BC /* Extensions */ = {
			isa = PBXGroup;
			children = (
				30515F5D2CA6B58F00C8E5E5 /* UIViewController+Ext.swift */,
			);
			path = Extensions;
			sourceTree = "<group>";
		};
		30201CD22CA7F64E0064F8BC /* Support */ = {
			isa = PBXGroup;
			children = (
				30804BEE2C90BF2400FA7398 /* AppDelegate.swift */,
				30804BF02C90BF2400FA7398 /* SceneDelegate.swift */,
				30804BF42C90BF2400FA7398 /* Main.storyboard */,
				30804BF72C90BF2600FA7398 /* Assets.xcassets */,
				30804BF92C90BF2600FA7398 /* LaunchScreen.storyboard */,
				30804BFC2C90BF2600FA7398 /* Info.plist */,
			);
			path = Support;
			sourceTree = "<group>";
		};
		30804BE22C90BF2400FA7398 = {
			isa = PBXGroup;
			children = (
				30804BED2C90BF2400FA7398 /* GitHubFollowers */,
				30804BEC2C90BF2400FA7398 /* Products */,
			);
			sourceTree = "<group>";
		};
		30804BEC2C90BF2400FA7398 /* Products */ = {
			isa = PBXGroup;
			children = (
				30804BEB2C90BF2400FA7398 /* GitHubFollowers.app */,
			);
			name = Products;
			sourceTree = "<group>";
		};
		30804BED2C90BF2400FA7398 /* GitHubFollowers */ = {
			isa = PBXGroup;
			children = (
				30201CD22CA7F64E0064F8BC /* Support */,
				30201CD12CA7F3820064F8BC /* Extensions */,
				30201CD02CA7F30E0064F8BC /* Custom  Views */,
				30201CCF2CA7F29D0064F8BC /* Screens */,
			);
			path = GitHubFollowers;
			sourceTree = "<group>";
		};
/* End PBXGroup section */

/* Begin PBXNativeTarget section */
		30804BEA2C90BF2400FA7398 /* GitHubFollowers */ = {
			isa = PBXNativeTarget;
			buildConfigurationList = 30804BFF2C90BF2600FA7398 /* Build configuration list for PBXNativeTarget "GitHubFollowers" */;
			buildPhases = (
				30804BE72C90BF2400FA7398 /* Sources */,
				30804BE82C90BF2400FA7398 /* Frameworks */,
				30804BE92C90BF2400FA7398 /* Resources */,
			);
			buildRules = (
			);
			dependencies = (
			);
			fileSystemSynchronizedGroups = (
				30201CCF2CA7F29D0064F8BC /* Screens */,
			);
			name = GitHubFollowers;
			productName = GitHubFollowers;
			productReference = 30804BEB2C90BF2400FA7398 /* GitHubFollowers.app */;
			productType = "com.apple.product-type.application";
		};
/* End PBXNativeTarget section */

/* Begin PBXProject section */
		30804BE32C90BF2400FA7398 /* Project object */ = {
			isa = PBXProject;
			attributes = {
				BuildIndependentTargetsInParallel = 1;
				LastSwiftUpdateCheck = 1540;
				LastUpgradeCheck = 1540;
				TargetAttributes = {
					30804BEA2C90BF2400FA7398 = {
						CreatedOnToolsVersion = 15.4;
					};
				};
			};
			buildConfigurationList = 30804BE62C90BF2400FA7398 /* Build configuration list for PBXProject "GitHubFollowers" */;
			compatibilityVersion = "Xcode 14.0";
			developmentRegion = en;
			hasScannedForEncodings = 0;
			knownRegions = (
				en,
				Base,
			);
			mainGroup = 30804BE22C90BF2400FA7398;
			productRefGroup = 30804BEC2C90BF2400FA7398 /* Products */;
			projectDirPath = "";
			projectRoot = "";
			targets = (
				30804BEA2C90BF2400FA7398 /* GitHubFollowers */,
			);
		};
/* End PBXProject section */

/* Begin PBXResourcesBuildPhase section */
		30804BE92C90BF2400FA7398 /* Resources */ = {
			isa = PBXResourcesBuildPhase;
			buildActionMask = 2147483647;
			files = (
				30804BF82C90BF2600FA7398 /* Assets.xcassets in Resources */,
				30804BFB2C90BF2600FA7398 /* Base in Resources */,
				30804BF62C90BF2400FA7398 /* Base in Resources */,
			);
			runOnlyForDeploymentPostprocessing = 0;
		};
/* End PBXResourcesBuildPhase section */

/* Begin PBXSourcesBuildPhase section */
		30804BE72C90BF2400FA7398 /* Sources */ = {
			isa = PBXSourcesBuildPhase;
			buildActionMask = 2147483647;
			files = (
				30ABBD142C923F5100F9349C /* GHButton.swift in Sources */,
				30515F5E2CA6B58F00C8E5E5 /* UIViewController+Ext.swift in Sources */,
				30ABBD162C924E2C00F9349C /* GHTextField.swift in Sources */,
				30804BEF2C90BF2400FA7398 /* AppDelegate.swift in Sources */,
				30F3A7BA2CA300A300547DC2 /* GHAlertVC.swift in Sources */,
				30F3A7B82CA2FFC100547DC2 /* GHBodyLabel.swift in Sources */,
				30F2B3792CA1AEA900FA05E7 /* GHTitleLabel.swift in Sources */,
				30804BF12C90BF2400FA7398 /* SceneDelegate.swift in Sources */,
			);
			runOnlyForDeploymentPostprocessing = 0;
		};
/* End PBXSourcesBuildPhase section */

/* Begin PBXVariantGroup section */
		30804BF42C90BF2400FA7398 /* Main.storyboard */ = {
			isa = PBXVariantGroup;
			children = (
				30804BF52C90BF2400FA7398 /* Base */,
			);
			name = Main.storyboard;
			sourceTree = "<group>";
		};
		30804BF92C90BF2600FA7398 /* LaunchScreen.storyboard */ = {
			isa = PBXVariantGroup;
			children = (
				30804BFA2C90BF2600FA7398 /* Base */,
			);
			name = LaunchScreen.storyboard;
			sourceTree = "<group>";
		};
/* End PBXVariantGroup section */

/* Begin XCBuildConfiguration section */
		30804BFD2C90BF2600FA7398 /* Debug */ = {
			isa = XCBuildConfiguration;
			buildSettings = {
				ALWAYS_SEARCH_USER_PATHS = NO;
				ASSETCATALOG_COMPILER_GENERATE_SWIFT_ASSET_SYMBOL_EXTENSIONS = YES;
				CLANG_ANALYZER_NONNULL = YES;
				CLANG_ANALYZER_NUMBER_OBJECT_CONVERSION = YES_AGGRESSIVE;
				CLANG_CXX_LANGUAGE_STANDARD = "gnu++20";
				CLANG_ENABLE_MODULES = YES;
				CLANG_ENABLE_OBJC_ARC = YES;
				CLANG_ENABLE_OBJC_WEAK = YES;
				CLANG_WARN_BLOCK_CAPTURE_AUTORELEASING = YES;
				CLANG_WARN_BOOL_CONVERSION = YES;
				CLANG_WARN_COMMA = YES;
				CLANG_WARN_CONSTANT_CONVERSION = YES;
				CLANG_WARN_DEPRECATED_OBJC_IMPLEMENTATIONS = YES;
				CLANG_WARN_DIRECT_OBJC_ISA_USAGE = YES_ERROR;
				CLANG_WARN_DOCUMENTATION_COMMENTS = YES;
				CLANG_WARN_EMPTY_BODY = YES;
				CLANG_WARN_ENUM_CONVERSION = YES;
				CLANG_WARN_INFINITE_RECURSION = YES;
				CLANG_WARN_INT_CONVERSION = YES;
				CLANG_WARN_NON_LITERAL_NULL_CONVERSION = YES;
				CLANG_WARN_OBJC_IMPLICIT_RETAIN_SELF = YES;
				CLANG_WARN_OBJC_LITERAL_CONVERSION = YES;
				CLANG_WARN_OBJC_ROOT_CLASS = YES_ERROR;
				CLANG_WARN_QUOTED_INCLUDE_IN_FRAMEWORK_HEADER = YES;
				CLANG_WARN_RANGE_LOOP_ANALYSIS = YES;
				CLANG_WARN_STRICT_PROTOTYPES = YES;
				CLANG_WARN_SUSPICIOUS_MOVE = YES;
				CLANG_WARN_UNGUARDED_AVAILABILITY = YES_AGGRESSIVE;
				CLANG_WARN_UNREACHABLE_CODE = YES;
				CLANG_WARN__DUPLICATE_METHOD_MATCH = YES;
				COPY_PHASE_STRIP = NO;
				DEBUG_INFORMATION_FORMAT = dwarf;
				ENABLE_STRICT_OBJC_MSGSEND = YES;
				ENABLE_TESTABILITY = YES;
				ENABLE_USER_SCRIPT_SANDBOXING = YES;
				GCC_C_LANGUAGE_STANDARD = gnu17;
				GCC_DYNAMIC_NO_PIC = NO;
				GCC_NO_COMMON_BLOCKS = YES;
				GCC_OPTIMIZATION_LEVEL = 0;
				GCC_PREPROCESSOR_DEFINITIONS = (
					"DEBUG=1",
					"$(inherited)",
				);
				GCC_WARN_64_TO_32_BIT_CONVERSION = YES;
				GCC_WARN_ABOUT_RETURN_TYPE = YES_ERROR;
				GCC_WARN_UNDECLARED_SELECTOR = YES;
				GCC_WARN_UNINITIALIZED_AUTOS = YES_AGGRESSIVE;
				GCC_WARN_UNUSED_FUNCTION = YES;
				GCC_WARN_UNUSED_VARIABLE = YES;
				IPHONEOS_DEPLOYMENT_TARGET = 17.5;
				LOCALIZATION_PREFERS_STRING_CATALOGS = YES;
				MTL_ENABLE_DEBUG_INFO = INCLUDE_SOURCE;
				MTL_FAST_MATH = YES;
				ONLY_ACTIVE_ARCH = YES;
				SDKROOT = iphoneos;
				SWIFT_ACTIVE_COMPILATION_CONDITIONS = "DEBUG $(inherited)";
				SWIFT_OPTIMIZATION_LEVEL = "-Onone";
			};
			name = Debug;
		};
		30804BFE2C90BF2600FA7398 /* Release */ = {
			isa = XCBuildConfiguration;
			buildSettings = {
				ALWAYS_SEARCH_USER_PATHS = NO;
				ASSETCATALOG_COMPILER_GENERATE_SWIFT_ASSET_SYMBOL_EXTENSIONS = YES;
				CLANG_ANALYZER_NONNULL = YES;
				CLANG_ANALYZER_NUMBER_OBJECT_CONVERSION = YES_AGGRESSIVE;
				CLANG_CXX_LANGUAGE_STANDARD = "gnu++20";
				CLANG_ENABLE_MODULES = YES;
				CLANG_ENABLE_OBJC_ARC = YES;
				CLANG_ENABLE_OBJC_WEAK = YES;
				CLANG_WARN_BLOCK_CAPTURE_AUTORELEASING = YES;
				CLANG_WARN_BOOL_CONVERSION = YES;
				CLANG_WARN_COMMA = YES;
				CLANG_WARN_CONSTANT_CONVERSION = YES;
				CLANG_WARN_DEPRECATED_OBJC_IMPLEMENTATIONS = YES;
				CLANG_WARN_DIRECT_OBJC_ISA_USAGE = YES_ERROR;
				CLANG_WARN_DOCUMENTATION_COMMENTS = YES;
				CLANG_WARN_EMPTY_BODY = YES;
				CLANG_WARN_ENUM_CONVERSION = YES;
				CLANG_WARN_INFINITE_RECURSION = YES;
				CLANG_WARN_INT_CONVERSION = YES;
				CLANG_WARN_NON_LITERAL_NULL_CONVERSION = YES;
				CLANG_WARN_OBJC_IMPLICIT_RETAIN_SELF = YES;
				CLANG_WARN_OBJC_LITERAL_CONVERSION = YES;
				CLANG_WARN_OBJC_ROOT_CLASS = YES_ERROR;
				CLANG_WARN_QUOTED_INCLUDE_IN_FRAMEWORK_HEADER = YES;
				CLANG_WARN_RANGE_LOOP_ANALYSIS = YES;
				CLANG_WARN_STRICT_PROTOTYPES = YES;
				CLANG_WARN_SUSPICIOUS_MOVE = YES;
				CLANG_WARN_UNGUARDED_AVAILABILITY = YES_AGGRESSIVE;
				CLANG_WARN_UNREACHABLE_CODE = YES;
				CLANG_WARN__DUPLICATE_METHOD_MATCH = YES;
				COPY_PHASE_STRIP = NO;
				DEBUG_INFORMATION_FORMAT = "dwarf-with-dsym";
				ENABLE_NS_ASSERTIONS = NO;
				ENABLE_STRICT_OBJC_MSGSEND = YES;
				ENABLE_USER_SCRIPT_SANDBOXING = YES;
				GCC_C_LANGUAGE_STANDARD = gnu17;
				GCC_NO_COMMON_BLOCKS = YES;
				GCC_WARN_64_TO_32_BIT_CONVERSION = YES;
				GCC_WARN_ABOUT_RETURN_TYPE = YES_ERROR;
				GCC_WARN_UNDECLARED_SELECTOR = YES;
				GCC_WARN_UNINITIALIZED_AUTOS = YES_AGGRESSIVE;
				GCC_WARN_UNUSED_FUNCTION = YES;
				GCC_WARN_UNUSED_VARIABLE = YES;
				IPHONEOS_DEPLOYMENT_TARGET = 17.5;
				LOCALIZATION_PREFERS_STRING_CATALOGS = YES;
				MTL_ENABLE_DEBUG_INFO = NO;
				MTL_FAST_MATH = YES;
				SDKROOT = iphoneos;
				SWIFT_COMPILATION_MODE = wholemodule;
				VALIDATE_PRODUCT = YES;
			};
			name = Release;
		};
		30804C002C90BF2600FA7398 /* Debug */ = {
			isa = XCBuildConfiguration;
			buildSettings = {
				ASSETCATALOG_COMPILER_APPICON_NAME = AppIcon;
				ASSETCATALOG_COMPILER_GLOBAL_ACCENT_COLOR_NAME = AccentColor;
				CODE_SIGN_STYLE = Automatic;
				CURRENT_PROJECT_VERSION = 1;
				DEVELOPMENT_TEAM = GK8R2FG8FW;
				GENERATE_INFOPLIST_FILE = YES;
				INFOPLIST_FILE = GitHubFollowers/Info.plist;
				INFOPLIST_KEY_UIApplicationSupportsIndirectInputEvents = YES;
				INFOPLIST_KEY_UILaunchStoryboardName = LaunchScreen;
				INFOPLIST_KEY_UIMainStoryboardFile = "";
				INFOPLIST_KEY_UISupportedInterfaceOrientations = UIInterfaceOrientationPortrait;
				IPHONEOS_DEPLOYMENT_TARGET = 13.0;
				LD_RUNPATH_SEARCH_PATHS = (
					"$(inherited)",
					"@executable_path/Frameworks",
				);
				MARKETING_VERSION = 1.0;
				PRODUCT_BUNDLE_IDENTIFIER = ra.kamensky.com.GitHubFollower;
				PRODUCT_NAME = "$(TARGET_NAME)";
				SWIFT_EMIT_LOC_STRINGS = YES;
				SWIFT_VERSION = 5.0;
				TARGETED_DEVICE_FAMILY = "1,2";
			};
			name = Debug;
		};
		30804C012C90BF2600FA7398 /* Release */ = {
			isa = XCBuildConfiguration;
			buildSettings = {
				ASSETCATALOG_COMPILER_APPICON_NAME = AppIcon;
				ASSETCATALOG_COMPILER_GLOBAL_ACCENT_COLOR_NAME = AccentColor;
				CODE_SIGN_STYLE = Automatic;
				CURRENT_PROJECT_VERSION = 1;
				DEVELOPMENT_TEAM = GK8R2FG8FW;
				GENERATE_INFOPLIST_FILE = YES;
				INFOPLIST_FILE = GitHubFollowers/Info.plist;
				INFOPLIST_KEY_UIApplicationSupportsIndirectInputEvents = YES;
				INFOPLIST_KEY_UILaunchStoryboardName = LaunchScreen;
				INFOPLIST_KEY_UIMainStoryboardFile = "";
				INFOPLIST_KEY_UISupportedInterfaceOrientations = UIInterfaceOrientationPortrait;
				IPHONEOS_DEPLOYMENT_TARGET = 13.0;
				LD_RUNPATH_SEARCH_PATHS = (
					"$(inherited)",
					"@executable_path/Frameworks",
				);
				MARKETING_VERSION = 1.0;
				PRODUCT_BUNDLE_IDENTIFIER = ra.kamensky.com.GitHubFollower;
				PRODUCT_NAME = "$(TARGET_NAME)";
				SWIFT_EMIT_LOC_STRINGS = YES;
				SWIFT_VERSION = 5.0;
				TARGETED_DEVICE_FAMILY = "1,2";
			};
			name = Release;
		};
/* End XCBuildConfiguration section */

/* Begin XCConfigurationList section */
		30804BE62C90BF2400FA7398 /* Build configuration list for PBXProject "GitHubFollowers" */ = {
			isa = XCConfigurationList;
			buildConfigurations = (
				30804BFD2C90BF2600FA7398 /* Debug */,
				30804BFE2C90BF2600FA7398 /* Release */,
			);
			defaultConfigurationIsVisible = 0;
			defaultConfigurationName = Release;
		};
		30804BFF2C90BF2600FA7398 /* Build configuration list for PBXNativeTarget "GitHubFollowers" */ = {
			isa = XCConfigurationList;
			buildConfigurations = (
				30804C002C90BF2600FA7398 /* Debug */,
				30804C012C90BF2600FA7398 /* Release */,
			);
			defaultConfigurationIsVisible = 0;
			defaultConfigurationName = Release;
		};
/* End XCConfigurationList section */
	};
	rootObject = 30804BE32C90BF2400FA7398 /* Project object */;
}
